<?xml version="1.0" encoding="utf-8"?>
<Project ToolsVersion="4.0" xmlns="http://schemas.microsoft.com/developer/msbuild/2003">
  <ItemGroup>
    <ClInclude Include="Misc\DynamicArray.hpp" />
    <ClInclude Include="Utils\Utils.hpp" />
    <ClInclude Include="Common.hpp" />
    <ClInclude Include="HyperV\HyperV.hpp" />
    <ClInclude Include="HyperV\Emulator\Emulator.hpp" />
    <ClInclude Include="Misc\HDE\HDE64.hpp" />
    <ClInclude Include="Misc\HDE\Table64.hpp" />
  </ItemGroup>
  <ItemGroup>
    <ClCompile Include="HyperV\Emulator\Emulator.cpp" />
    <ClCompile Include="Utils\Utils.cpp" />
    <ClCompile Include="Misc\HDE\HDE64.cpp" />
    <ClCompile Include="HyperV\HyperV.cpp" />
    <ClCompile Include="HyperDeceit.cpp" />
  </ItemGroup>
  <ItemGroup>
    <None Include="Includes\HyperDeceit.hpp" />
  </ItemGroup>
</Project>